
Microsoft Visual Studio Solution File, Format Version 12.00
# Visual Studio Version 17
VisualStudioVersion = 17.14.36408.4 d17.14
MinimumVisualStudioVersion = 10.0.40219.1
Project("{FAE04EC0-301F-11D3-BF4B-00C04F79EFBC}") = "xUnitPlaywrightTests", "xUnitPlaywrightTests.csproj", "{43037F52-E458-30B0-5ADB-4339CF54A3DD}"
EndProject
Global
	GlobalSection(SolutionConfigurationPlatforms) = preSolution
		Debug|Any CPU = Debug|Any CPU
		Release|Any CPU = Release|Any CPU
	EndGlobalSection
	GlobalSection(ProjectConfigurationPlatforms) = postSolution
		{43037F52-E458-30B0-5ADB-4339CF54A3DD}.Debug|Any CPU.ActiveCfg = Debug|Any CPU
		{43037F52-E458-30B0-5ADB-4339CF54A3DD}.Debug|Any CPU.Build.0 = Debug|Any CPU
		{43037F52-E458-30B0-5ADB-4339CF54A3DD}.Release|Any CPU.ActiveCfg = Release|Any CPU
		{43037F52-E458-30B0-5ADB-4339CF54A3DD}.Release|Any CPU.Build.0 = Release|Any CPU
	EndGlobalSection
	GlobalSection(SolutionProperties) = preSolution
		HideSolutionNode = FALSE
	EndGlobalSection
	GlobalSection(ExtensibilityGlobals) = postSolution
		SolutionGuid = {F0A0131E-7BA5-48E3-97CF-72C20A9E2CE0}
	EndGlobalSection
EndGlobal
